
Microsoft Visual Studio Solution File, Format Version 12.00
# Visual Studio Version 17
VisualStudioVersion = 17.3.32922.545
MinimumVisualStudioVersion = 10.0.40219.1
Project("{FAE04EC0-301F-11D3-BF4B-00C04F79EFBC}") = "BlazorEcommerce.Server", "BlazorEcommerce\Server\BlazorEcommerce.Server.csproj", "{7B6C8613-D3E5-48D7-956E-28A9A7F7DA6B}"
EndProject
Project("{FAE04EC0-301F-11D3-BF4B-00C04F79EFBC}") = "BlazorEcommerce.Client", "BlazorEcommerce\Client\BlazorEcommerce.Client.csproj", "{8E952F84-26FA-4B81-BEEE-A669162782F8}"
EndProject
Project("{FAE04EC0-301F-11D3-BF4B-00C04F79EFBC}") = "BlazorEcommerce.Shared", "BlazorEcommerce\Shared\BlazorEcommerce.Shared.csproj", "{AB52AAAC-1F1A-47D5-A1DB-DC3111B190D7}"
EndProject
Global
	GlobalSection(SolutionConfigurationPlatforms) = preSolution
		Debug|Any CPU = Debug|Any CPU
		Release|Any CPU = Release|Any CPU
	EndGlobalSection
	GlobalSection(ProjectConfigurationPlatforms) = postSolution
		{7B6C8613-D3E5-48D7-956E-28A9A7F7DA6B}.Debug|Any CPU.ActiveCfg = Debug|Any CPU
		{7B6C8613-D3E5-48D7-956E-28A9A7F7DA6B}.Debug|Any CPU.Build.0 = Debug|Any CPU
		{7B6C8613-D3E5-48D7-956E-28A9A7F7DA6B}.Release|Any CPU.ActiveCfg = Release|Any CPU
		{7B6C8613-D3E5-48D7-956E-28A9A7F7DA6B}.Release|Any CPU.Build.0 = Release|Any CPU
		{8E952F84-26FA-4B81-BEEE-A669162782F8}.Debug|Any CPU.ActiveCfg = Debug|Any CPU
		{8E952F84-26FA-4B81-BEEE-A669162782F8}.Debug|Any CPU.Build.0 = Debug|Any CPU
		{8E952F84-26FA-4B81-BEEE-A669162782F8}.Release|Any CPU.ActiveCfg = Release|Any CPU
		{8E952F84-26FA-4B81-BEEE-A669162782F8}.Release|Any CPU.Build.0 = Release|Any CPU
		{AB52AAAC-1F1A-47D5-A1DB-DC3111B190D7}.Debug|Any CPU.ActiveCfg = Debug|Any CPU
		{AB52AAAC-1F1A-47D5-A1DB-DC3111B190D7}.Debug|Any CPU.Build.0 = Debug|Any CPU
		{AB52AAAC-1F1A-47D5-A1DB-DC3111B190D7}.Release|Any CPU.ActiveCfg = Release|Any CPU
		{AB52AAAC-1F1A-47D5-A1DB-DC3111B190D7}.Release|Any CPU.Build.0 = Release|Any CPU
	EndGlobalSection
	GlobalSection(SolutionProperties) = preSolution
		HideSolutionNode = FALSE
	EndGlobalSection
	GlobalSection(ExtensibilityGlobals) = postSolution
		SolutionGuid = {15EE6856-6495-41D6-9659-B32B2A5DDED0}
	EndGlobalSection
EndGlobal
